// !$*UTF8*$!
{
	archiveVersion = 1;
	classes = {
	};
	objectVersion = 56;
	objects = {

/* Begin PBXBuildFile section */
		BB996D512BDEDA030011E4D3 /* iKidApp.swift in Sources */ = {isa = PBXBuildFile; fileRef = BB996D502BDEDA030011E4D3 /* iKidApp.swift */; };
		BB996D532BDEDA030011E4D3 /* ContentView.swift in Sources */ = {isa = PBXBuildFile; fileRef = BB996D522BDEDA030011E4D3 /* ContentView.swift */; };
		BB996D552BDEDA040011E4D3 /* Assets.xcassets in Resources */ = {isa = PBXBuildFile; fileRef = BB996D542BDEDA040011E4D3 /* Assets.xcassets */; };
		BB996D582BDEDA040011E4D3 /* Preview Assets.xcassets in Resources */ = {isa = PBXBuildFile; fileRef = BB996D572BDEDA040011E4D3 /* Preview Assets.xcassets */; };
		BB996D622BDEDA040011E4D3 /* iKidTests.swift in Sources */ = {isa = PBXBuildFile; fileRef = BB996D612BDEDA040011E4D3 /* iKidTests.swift */; };
		BB996D6C2BDEDA050011E4D3 /* iKidUITests.swift in Sources */ = {isa = PBXBuildFile; fileRef = BB996D6B2BDEDA050011E4D3 /* iKidUITests.swift */; };
		BB996D6E2BDEDA050011E4D3 /* iKidUITestsLaunchTests.swift in Sources */ = {isa = PBXBuildFile; fileRef = BB996D6D2BDEDA050011E4D3 /* iKidUITestsLaunchTests.swift */; };
/* End PBXBuildFile section */

/* Begin PBXContainerItemProxy section */
		BB996D5E2BDEDA040011E4D3 /* PBXContainerItemProxy */ = {
			isa = PBXContainerItemProxy;
			containerPortal = BB996D452BDEDA030011E4D3 /* Project object */;
			proxyType = 1;
			remoteGlobalIDString = BB996D4C2BDEDA030011E4D3;
			remoteInfo = iKid;
		};
		BB996D682BDEDA040011E4D3 /* PBXContainerItemProxy */ = {
			isa = PBXContainerItemProxy;
			containerPortal = BB996D452BDEDA030011E4D3 /* Project object */;
			proxyType = 1;
			remoteGlobalIDString = BB996D4C2BDEDA030011E4D3;
			remoteInfo = iKid;
		};
/* End PBXContainerItemProxy section */

/* Begin PBXFileReference section */
		BB996D4D2BDEDA030011E4D3 /* iKid.app */ = {isa = PBXFileReference; explicitFileType = wrapper.application; includeInIndex = 0; path = iKid.app; sourceTree = BUILT_PRODUCTS_DIR; };
		BB996D502BDEDA030011E4D3 /* iKidApp.swift */ = {isa = PBXFileReference; lastKnownFileType = sourcecode.swift; path = iKidApp.swift; sourceTree = "<group>"; };
		BB996D522BDEDA030011E4D3 /* ContentView.swift */ = {isa = PBXFileReference; lastKnownFileType = sourcecode.swift; path = ContentView.swift; sourceTree = "<group>"; };
		BB996D542BDEDA040011E4D3 /* Assets.xcassets */ = {isa = PBXFileReference; lastKnownFileType = folder.assetcatalog; path = Assets.xcassets; sourceTree = "<group>"; };
		BB996D572BDEDA040011E4D3 /* Preview Assets.xcassets */ = {isa = PBXFileReference; lastKnownFileType = folder.assetcatalog; path = "Preview Assets.xcassets"; sourceTree = "<group>"; };
		BB996D5D2BDEDA040011E4D3 /* iKidTests.xctest */ = {isa = PBXFileReference; explicitFileType = wrapper.cfbundle; includeInIndex = 0; path = iKidTests.xctest; sourceTree = BUILT_PRODUCTS_DIR; };
		BB996D612BDEDA040011E4D3 /* iKidTests.swift */ = {isa = PBXFileReference; lastKnownFileType = sourcecode.swift; path = iKidTests.swift; sourceTree = "<group>"; };
		BB996D672BDEDA040011E4D3 /* iKidUITests.xctest */ = {isa = PBXFileReference; explicitFileType = wrapper.cfbundle; includeInIndex = 0; path = iKidUITests.xctest; sourceTree = BUILT_PRODUCTS_DIR; };
		BB996D6B2BDEDA050011E4D3 /* iKidUITests.swift */ = {isa = PBXFileReference; lastKnownFileType = sourcecode.swift; path = iKidUITests.swift; sourceTree = "<group>"; };
		BB996D6D2BDEDA050011E4D3 /* iKidUITestsLaunchTests.swift */ = {isa = PBXFileReference; lastKnownFileType = sourcecode.swift; path = iKidUITestsLaunchTests.swift; sourceTree = "<group>"; };
/* End PBXFileReference section */

/* Begin PBXFrameworksBuildPhase section */
		BB996D4A2BDEDA030011E4D3 /* Frameworks */ = {
			isa = PBXFrameworksBuildPhase;
			buildActionMask = 2147483647;
			files = (
			);
			runOnlyForDeploymentPostprocessing = 0;
		};
		BB996D5A2BDEDA040011E4D3 /* Frameworks */ = {
			isa = PBXFrameworksBuildPhase;
			buildActionMask = 2147483647;
			files = (
			);
			runOnlyForDeploymentPostprocessing = 0;
		};
		BB996D642BDEDA040011E4D3 /* Frameworks */ = {
			isa = PBXFrameworksBuildPhase;
			buildActionMask = 2147483647;
			files = (
			);
			runOnlyForDeploymentPostprocessing = 0;
		};
/* End PBXFrameworksBuildPhase section */

/* Begin PBXGroup section */
		BB996D442BDEDA030011E4D3 = {
			isa = PBXGroup;
			children = (
				BB996D4F2BDEDA030011E4D3 /* iKid */,
				BB996D602BDEDA040011E4D3 /* iKidTests */,
				BB996D6A2BDEDA040011E4D3 /* iKidUITests */,
				BB996D4E2BDEDA030011E4D3 /* Products */,
			);
			sourceTree = "<group>";
		};
		BB996D4E2BDEDA030011E4D3 /* Products */ = {
			isa = PBXGroup;
			children = (
				BB996D4D2BDEDA030011E4D3 /* iKid.app */,
				BB996D5D2BDEDA040011E4D3 /* iKidTests.xctest */,
				BB996D672BDEDA040011E4D3 /* iKidUITests.xctest */,
			);
			name = Products;
			sourceTree = "<group>";
		};
		BB996D4F2BDEDA030011E4D3 /* iKid */ = {
			isa = PBXGroup;
			children = (
				BB996D502BDEDA030011E4D3 /* iKidApp.swift */,
				BB996D522BDEDA030011E4D3 /* ContentView.swift */,
				BB996D542BDEDA040011E4D3 /* Assets.xcassets */,
				BB996D562BDEDA040011E4D3 /* Preview Content */,
			);
			path = iKid;
			sourceTree = "<group>";
		};
		BB996D562BDEDA040011E4D3 /* Preview Content */ = {
			isa = PBXGroup;
			children = (
				BB996D572BDEDA040011E4D3 /* Preview Assets.xcassets */,
			);
			path = "Preview Content";
			sourceTree = "<group>";
		};
		BB996D602BDEDA040011E4D3 /* iKidTests */ = {
			isa = PBXGroup;
			children = (
				BB996D612BDEDA040011E4D3 /* iKidTests.swift */,
			);
			path = iKidTests;
			sourceTree = "<group>";
		};
		BB996D6A2BDEDA040011E4D3 /* iKidUITests */ = {
			isa = PBXGroup;
			children = (
				BB996D6B2BDEDA050011E4D3 /* iKidUITests.swift */,
				BB996D6D2BDEDA050011E4D3 /* iKidUITestsLaunchTests.swift */,
			);
			path = iKidUITests;
			sourceTree = "<group>";
		};
/* End PBXGroup section */

/* Begin PBXNativeTarget section */
		BB996D4C2BDEDA030011E4D3 /* iKid */ = {
			isa = PBXNativeTarget;
			buildConfigurationList = BB996D712BDEDA050011E4D3 /* Build configuration list for PBXNativeTarget "iKid" */;
			buildPhases = (
				BB996D492BDEDA030011E4D3 /* Sources */,
				BB996D4A2BDEDA030011E4D3 /* Frameworks */,
				BB996D4B2BDEDA030011E4D3 /* Resources */,
			);
			buildRules = (
			);
			dependencies = (
			);
			name = iKid;
			productName = iKid;
			productReference = BB996D4D2BDEDA030011E4D3 /* iKid.app */;
			productType = "com.apple.product-type.application";
		};
		BB996D5C2BDEDA040011E4D3 /* iKidTests */ = {
			isa = PBXNativeTarget;
			buildConfigurationList = BB996D742BDEDA050011E4D3 /* Build configuration list for PBXNativeTarget "iKidTests" */;
			buildPhases = (
				BB996D592BDEDA040011E4D3 /* Sources */,
				BB996D5A2BDEDA040011E4D3 /* Frameworks */,
				BB996D5B2BDEDA040011E4D3 /* Resources */,
			);
			buildRules = (
			);
			dependencies = (
				BB996D5F2BDEDA040011E4D3 /* PBXTargetDependency */,
			);
			name = iKidTests;
			productName = iKidTests;
			productReference = BB996D5D2BDEDA040011E4D3 /* iKidTests.xctest */;
			productType = "com.apple.product-type.bundle.unit-test";
		};
		BB996D662BDEDA040011E4D3 /* iKidUITests */ = {
			isa = PBXNativeTarget;
			buildConfigurationList = BB996D772BDEDA050011E4D3 /* Build configuration list for PBXNativeTarget "iKidUITests" */;
			buildPhases = (
				BB996D632BDEDA040011E4D3 /* Sources */,
				BB996D642BDEDA040011E4D3 /* Frameworks */,
				BB996D652BDEDA040011E4D3 /* Resources */,
			);
			buildRules = (
			);
			dependencies = (
				BB996D692BDEDA040011E4D3 /* PBXTargetDependency */,
			);
			name = iKidUITests;
			productName = iKidUITests;
			productReference = BB996D672BDEDA040011E4D3 /* iKidUITests.xctest */;
			productType = "com.apple.product-type.bundle.ui-testing";
		};
/* End PBXNativeTarget section */

/* Begin PBXProject section */
		BB996D452BDEDA030011E4D3 /* Project object */ = {
			isa = PBXProject;
			attributes = {
				BuildIndependentTargetsInParallel = 1;
				LastSwiftUpdateCheck = 1530;
				LastUpgradeCheck = 1530;
				TargetAttributes = {
					BB996D4C2BDEDA030011E4D3 = {
						CreatedOnToolsVersion = 15.3;
					};
					BB996D5C2BDEDA040011E4D3 = {
						CreatedOnToolsVersion = 15.3;
						TestTargetID = BB996D4C2BDEDA030011E4D3;
					};
					BB996D662BDEDA040011E4D3 = {
						CreatedOnToolsVersion = 15.3;
						TestTargetID = BB996D4C2BDEDA030011E4D3;
					};
				};
			};
			buildConfigurationList = BB996D482BDEDA030011E4D3 /* Build configuration list for PBXProject "iKid" */;
			compatibilityVersion = "Xcode 14.0";
			developmentRegion = en;
			hasScannedForEncodings = 0;
			knownRegions = (
				en,
				Base,
			);
			mainGroup = BB996D442BDEDA030011E4D3;
			productRefGroup = BB996D4E2BDEDA030011E4D3 /* Products */;
			projectDirPath = "";
			projectRoot = "";
			targets = (
				BB996D4C2BDEDA030011E4D3 /* iKid */,
				BB996D5C2BDEDA040011E4D3 /* iKidTests */,
				BB996D662BDEDA040011E4D3 /* iKidUITests */,
			);
		};
/* End PBXProject section */

/* Begin PBXResourcesBuildPhase section */
		BB996D4B2BDEDA030011E4D3 /* Resources */ = {
			isa = PBXResourcesBuildPhase;
			buildActionMask = 2147483647;
			files = (
				BB996D582BDEDA040011E4D3 /* Preview Assets.xcassets in Resources */,
				BB996D552BDEDA040011E4D3 /* Assets.xcassets in Resources */,
			);
			runOnlyForDeploymentPostprocessing = 0;
		};
		BB996D5B2BDEDA040011E4D3 /* Resources */ = {
			isa = PBXResourcesBuildPhase;
			buildActionMask = 2147483647;
			files = (
			);
			runOnlyForDeploymentPostprocessing = 0;
		};
		BB996D652BDEDA040011E4D3 /* Resources */ = {
			isa = PBXResourcesBuildPhase;
			buildActionMask = 2147483647;
			files = (
			);
			runOnlyForDeploymentPostprocessing = 0;
		};
/* End PBXResourcesBuildPhase section */

/* Begin PBXSourcesBuildPhase section */
		BB996D492BDEDA030011E4D3 /* Sources */ = {
			isa = PBXSourcesBuildPhase;
			buildActionMask = 2147483647;
			files = (
				BB996D532BDEDA030011E4D3 /* ContentView.swift in Sources */,
				BB996D512BDEDA030011E4D3 /* iKidApp.swift in Sources */,
			);
			runOnlyForDeploymentPostprocessing = 0;
		};
		BB996D592BDEDA040011E4D3 /* Sources */ = {
			isa = PBXSourcesBuildPhase;
			buildActionMask = 2147483647;
			files = (
				BB996D622BDEDA040011E4D3 /* iKidTests.swift in Sources */,
			);
			runOnlyForDeploymentPostprocessing = 0;
		};
		BB996D632BDEDA040011E4D3 /* Sources */ = {
			isa = PBXSourcesBuildPhase;
			buildActionMask = 2147483647;
			files = (
				BB996D6C2BDEDA050011E4D3 /* iKidUITests.swift in Sources */,
				BB996D6E2BDEDA050011E4D3 /* iKidUITestsLaunchTests.swift in Sources */,
			);
			runOnlyForDeploymentPostprocessing = 0;
		};
/* End PBXSourcesBuildPhase section */

/* Begin PBXTargetDependency section */
		BB996D5F2BDEDA040011E4D3 /* PBXTargetDependency */ = {
			isa = PBXTargetDependency;
			target = BB996D4C2BDEDA030011E4D3 /* iKid */;
			targetProxy = BB996D5E2BDEDA040011E4D3 /* PBXContainerItemProxy */;
		};
		BB996D692BDEDA040011E4D3 /* PBXTargetDependency */ = {
			isa = PBXTargetDependency;
			target = BB996D4C2BDEDA030011E4D3 /* iKid */;
			targetProxy = BB996D682BDEDA040011E4D3 /* PBXContainerItemProxy */;
		};
/* End PBXTargetDependency section */

/* Begin XCBuildConfiguration section */
		BB996D6F2BDEDA050011E4D3 /* Debug */ = {
			isa = XCBuildConfiguration;
			buildSettings = {
				ALWAYS_SEARCH_USER_PATHS = NO;
				ASSETCATALOG_COMPILER_GENERATE_SWIFT_ASSET_SYMBOL_EXTENSIONS = YES;
				CLANG_ANALYZER_NONNULL = YES;
				CLANG_ANALYZER_NUMBER_OBJECT_CONVERSION = YES_AGGRESSIVE;
				CLANG_CXX_LANGUAGE_STANDARD = "gnu++20";
				CLANG_ENABLE_MODULES = YES;
				CLANG_ENABLE_OBJC_ARC = YES;
				CLANG_ENABLE_OBJC_WEAK = YES;
				CLANG_WARN_BLOCK_CAPTURE_AUTORELEASING = YES;
				CLANG_WARN_BOOL_CONVERSION = YES;
				CLANG_WARN_COMMA = YES;
				CLANG_WARN_CONSTANT_CONVERSION = YES;
				CLANG_WARN_DEPRECATED_OBJC_IMPLEMENTATIONS = YES;
				CLANG_WARN_DIRECT_OBJC_ISA_USAGE = YES_ERROR;
				CLANG_WARN_DOCUMENTATION_COMMENTS = YES;
				CLANG_WARN_EMPTY_BODY = YES;
				CLANG_WARN_ENUM_CONVERSION = YES;
				CLANG_WARN_INFINITE_RECURSION = YES;
				CLANG_WARN_INT_CONVERSION = YES;
				CLANG_WARN_NON_LITERAL_NULL_CONVERSION = YES;
				CLANG_WARN_OBJC_IMPLICIT_RETAIN_SELF = YES;
				CLANG_WARN_OBJC_LITERAL_CONVERSION = YES;
				CLANG_WARN_OBJC_ROOT_CLASS = YES_ERROR;
				CLANG_WARN_QUOTED_INCLUDE_IN_FRAMEWORK_HEADER = YES;
				CLANG_WARN_RANGE_LOOP_ANALYSIS = YES;
				CLANG_WARN_STRICT_PROTOTYPES = YES;
				CLANG_WARN_SUSPICIOUS_MOVE = YES;
				CLANG_WARN_UNGUARDED_AVAILABILITY = YES_AGGRESSIVE;
				CLANG_WARN_UNREACHABLE_CODE = YES;
				CLANG_WARN__DUPLICATE_METHOD_MATCH = YES;
				COPY_PHASE_STRIP = NO;
				DEBUG_INFORMATION_FORMAT = dwarf;
				ENABLE_STRICT_OBJC_MSGSEND = YES;
				ENABLE_TESTABILITY = YES;
				ENABLE_USER_SCRIPT_SANDBOXING = YES;
				GCC_C_LANGUAGE_STANDARD = gnu17;
				GCC_DYNAMIC_NO_PIC = NO;
				GCC_NO_COMMON_BLOCKS = YES;
				GCC_OPTIMIZATION_LEVEL = 0;
				GCC_PREPROCESSOR_DEFINITIONS = (
					"DEBUG=1",
					"$(inherited)",
				);
				GCC_WARN_64_TO_32_BIT_CONVERSION = YES;
				GCC_WARN_ABOUT_RETURN_TYPE = YES_ERROR;
				GCC_WARN_UNDECLARED_SELECTOR = YES;
				GCC_WARN_UNINITIALIZED_AUTOS = YES_AGGRESSIVE;
				GCC_WARN_UNUSED_FUNCTION = YES;
				GCC_WARN_UNUSED_VARIABLE = YES;
				IPHONEOS_DEPLOYMENT_TARGET = 17.4;
				LOCALIZATION_PREFERS_STRING_CATALOGS = YES;
				MTL_ENABLE_DEBUG_INFO = INCLUDE_SOURCE;
				MTL_FAST_MATH = YES;
				ONLY_ACTIVE_ARCH = YES;
				SDKROOT = iphoneos;
				SWIFT_ACTIVE_COMPILATION_CONDITIONS = "DEBUG $(inherited)";
				SWIFT_OPTIMIZATION_LEVEL = "-Onone";
			};
			name = Debug;
		};
		BB996D702BDEDA050011E4D3 /* Release */ = {
			isa = XCBuildConfiguration;
			buildSettings = {
				ALWAYS_SEARCH_USER_PATHS = NO;
				ASSETCATALOG_COMPILER_GENERATE_SWIFT_ASSET_SYMBOL_EXTENSIONS = YES;
				CLANG_ANALYZER_NONNULL = YES;
				CLANG_ANALYZER_NUMBER_OBJECT_CONVERSION = YES_AGGRESSIVE;
				CLANG_CXX_LANGUAGE_STANDARD = "gnu++20";
				CLANG_ENABLE_MODULES = YES;
				CLANG_ENABLE_OBJC_ARC = YES;
				CLANG_ENABLE_OBJC_WEAK = YES;
				CLANG_WARN_BLOCK_CAPTURE_AUTORELEASING = YES;
				CLANG_WARN_BOOL_CONVERSION = YES;
				CLANG_WARN_COMMA = YES;
				CLANG_WARN_CONSTANT_CONVERSION = YES;
				CLANG_WARN_DEPRECATED_OBJC_IMPLEMENTATIONS = YES;
				CLANG_WARN_DIRECT_OBJC_ISA_USAGE = YES_ERROR;
				CLANG_WARN_DOCUMENTATION_COMMENTS = YES;
				CLANG_WARN_EMPTY_BODY = YES;
				CLANG_WARN_ENUM_CONVERSION = YES;
				CLANG_WARN_INFINITE_RECURSION = YES;
				CLANG_WARN_INT_CONVERSION = YES;
				CLANG_WARN_NON_LITERAL_NULL_CONVERSION = YES;
				CLANG_WARN_OBJC_IMPLICIT_RETAIN_SELF = YES;
				CLANG_WARN_OBJC_LITERAL_CONVERSION = YES;
				CLANG_WARN_OBJC_ROOT_CLASS = YES_ERROR;
				CLANG_WARN_QUOTED_INCLUDE_IN_FRAMEWORK_HEADER = YES;
				CLANG_WARN_RANGE_LOOP_ANALYSIS = YES;
				CLANG_WARN_STRICT_PROTOTYPES = YES;
				CLANG_WARN_SUSPICIOUS_MOVE = YES;
				CLANG_WARN_UNGUARDED_AVAILABILITY = YES_AGGRESSIVE;
				CLANG_WARN_UNREACHABLE_CODE = YES;
				CLANG_WARN__DUPLICATE_METHOD_MATCH = YES;
				COPY_PHASE_STRIP = NO;
				DEBUG_INFORMATION_FORMAT = "dwarf-with-dsym";
				ENABLE_NS_ASSERTIONS = NO;
				ENABLE_STRICT_OBJC_MSGSEND = YES;
				ENABLE_USER_SCRIPT_SANDBOXING = YES;
				GCC_C_LANGUAGE_STANDARD = gnu17;
				GCC_NO_COMMON_BLOCKS = YES;
				GCC_WARN_64_TO_32_BIT_CONVERSION = YES;
				GCC_WARN_ABOUT_RETURN_TYPE = YES_ERROR;
				GCC_WARN_UNDECLARED_SELECTOR = YES;
				GCC_WARN_UNINITIALIZED_AUTOS = YES_AGGRESSIVE;
				GCC_WARN_UNUSED_FUNCTION = YES;
				GCC_WARN_UNUSED_VARIABLE = YES;
				IPHONEOS_DEPLOYMENT_TARGET = 17.4;
				LOCALIZATION_PREFERS_STRING_CATALOGS = YES;
				MTL_ENABLE_DEBUG_INFO = NO;
				MTL_FAST_MATH = YES;
				SDKROOT = iphoneos;
				SWIFT_COMPILATION_MODE = wholemodule;
				VALIDATE_PRODUCT = YES;
			};
			name = Release;
		};
		BB996D722BDEDA050011E4D3 /* Debug */ = {
			isa = XCBuildConfiguration;
			buildSettings = {
				ASSETCATALOG_COMPILER_APPICON_NAME = AppIcon;
				ASSETCATALOG_COMPILER_GLOBAL_ACCENT_COLOR_NAME = AccentColor;
				CODE_SIGN_STYLE = Automatic;
				CURRENT_PROJECT_VERSION = 1;
				DEVELOPMENT_ASSET_PATHS = "\"iKid/Preview Content\"";
				DEVELOPMENT_TEAM = 9D5YJEN724;
				ENABLE_PREVIEWS = YES;
				GENERATE_INFOPLIST_FILE = YES;
				INFOPLIST_KEY_UIApplicationSceneManifest_Generation = YES;
				INFOPLIST_KEY_UIApplicationSupportsIndirectInputEvents = YES;
				INFOPLIST_KEY_UILaunchScreen_Generation = YES;
				INFOPLIST_KEY_UISupportedInterfaceOrientations_iPad = "UIInterfaceOrientationPortrait UIInterfaceOrientationPortraitUpsideDown UIInterfaceOrientationLandscapeLeft UIInterfaceOrientationLandscapeRight";
				INFOPLIST_KEY_UISupportedInterfaceOrientations_iPhone = "UIInterfaceOrientationPortrait UIInterfaceOrientationLandscapeLeft UIInterfaceOrientationLandscapeRight";
				LD_RUNPATH_SEARCH_PATHS = (
					"$(inherited)",
					"@executable_path/Frameworks",
				);
				MARKETING_VERSION = 1.0;
				PRODUCT_BUNDLE_IDENTIFIER = edu.uw.ischool.akhowal.iKid;
				PRODUCT_NAME = "$(TARGET_NAME)";
				SWIFT_EMIT_LOC_STRINGS = YES;
				SWIFT_VERSION = 5.0;
				TARGETED_DEVICE_FAMILY = "1,2";
			};
			name = Debug;
		};
		BB996D732BDEDA050011E4D3 /* Release */ = {
			isa = XCBuildConfiguration;
			buildSettings = {
				ASSETCATALOG_COMPILER_APPICON_NAME = AppIcon;
				ASSETCATALOG_COMPILER_GLOBAL_ACCENT_COLOR_NAME = AccentColor;
				CODE_SIGN_STYLE = Automatic;
				CURRENT_PROJECT_VERSION = 1;
				DEVELOPMENT_ASSET_PATHS = "\"iKid/Preview Content\"";
				DEVELOPMENT_TEAM = 9D5YJEN724;
				ENABLE_PREVIEWS = YES;
				GENERATE_INFOPLIST_FILE = YES;
				INFOPLIST_KEY_UIApplicationSceneManifest_Generation = YES;
				INFOPLIST_KEY_UIApplicationSupportsIndirectInputEvents = YES;
				INFOPLIST_KEY_UILaunchScreen_Generation = YES;
				INFOPLIST_KEY_UISupportedInterfaceOrientations_iPad = "UIInterfaceOrientationPortrait UIInterfaceOrientationPortraitUpsideDown UIInterfaceOrientationLandscapeLeft UIInterfaceOrientationLandscapeRight";
				INFOPLIST_KEY_UISupportedInterfaceOrientations_iPhone = "UIInterfaceOrientationPortrait UIInterfaceOrientationLandscapeLeft UIInterfaceOrientationLandscapeRight";
				LD_RUNPATH_SEARCH_PATHS = (
					"$(inherited)",
					"@executable_path/Frameworks",
				);
				MARKETING_VERSION = 1.0;
				PRODUCT_BUNDLE_IDENTIFIER = edu.uw.ischool.akhowal.iKid;
				PRODUCT_NAME = "$(TARGET_NAME)";
				SWIFT_EMIT_LOC_STRINGS = YES;
				SWIFT_VERSION = 5.0;
				TARGETED_DEVICE_FAMILY = "1,2";
			};
			name = Release;
		};
		BB996D752BDEDA050011E4D3 /* Debug */ = {
			isa = XCBuildConfiguration;
			buildSettings = {
				ALWAYS_EMBED_SWIFT_STANDARD_LIBRARIES = YES;
				BUNDLE_LOADER = "$(TEST_HOST)";
				CODE_SIGN_STYLE = Automatic;
				CURRENT_PROJECT_VERSION = 1;
				DEVELOPMENT_TEAM = 9D5YJEN724;
				GENERATE_INFOPLIST_FILE = YES;
				IPHONEOS_DEPLOYMENT_TARGET = 17.4;
				MARKETING_VERSION = 1.0;
				PRODUCT_BUNDLE_IDENTIFIER = edu.uw.ischool.akhowal.iKidTests;
				PRODUCT_NAME = "$(TARGET_NAME)";
				SWIFT_EMIT_LOC_STRINGS = NO;
				SWIFT_VERSION = 5.0;
				TARGETED_DEVICE_FAMILY = "1,2";
				TEST_HOST = "$(BUILT_PRODUCTS_DIR)/iKid.app/$(BUNDLE_EXECUTABLE_FOLDER_PATH)/iKid";
			};
			name = Debug;
		};
		BB996D762BDEDA050011E4D3 /* Release */ = {
			isa = XCBuildConfiguration;
			buildSettings = {
				ALWAYS_EMBED_SWIFT_STANDARD_LIBRARIES = YES;
				BUNDLE_LOADER = "$(TEST_HOST)";
				CODE_SIGN_STYLE = Automatic;
				CURRENT_PROJECT_VERSION = 1;
				DEVELOPMENT_TEAM = 9D5YJEN724;
				GENERATE_INFOPLIST_FILE = YES;
				IPHONEOS_DEPLOYMENT_TARGET = 17.4;
				MARKETING_VERSION = 1.0;
				PRODUCT_BUNDLE_IDENTIFIER = edu.uw.ischool.akhowal.iKidTests;
				PRODUCT_NAME = "$(TARGET_NAME)";
				SWIFT_EMIT_LOC_STRINGS = NO;
				SWIFT_VERSION = 5.0;
				TARGETED_DEVICE_FAMILY = "1,2";
				TEST_HOST = "$(BUILT_PRODUCTS_DIR)/iKid.app/$(BUNDLE_EXECUTABLE_FOLDER_PATH)/iKid";
			};
			name = Release;
		};
		BB996D782BDEDA050011E4D3 /* Debug */ = {
			isa = XCBuildConfiguration;
			buildSettings = {
				ALWAYS_EMBED_SWIFT_STANDARD_LIBRARIES = YES;
				CODE_SIGN_STYLE = Automatic;
				CURRENT_PROJECT_VERSION = 1;
				DEVELOPMENT_TEAM = 9D5YJEN724;
				GENERATE_INFOPLIST_FILE = YES;
				MARKETING_VERSION = 1.0;
				PRODUCT_BUNDLE_IDENTIFIER = edu.uw.ischool.akhowal.iKidUITests;
				PRODUCT_NAME = "$(TARGET_NAME)";
				SWIFT_EMIT_LOC_STRINGS = NO;
				SWIFT_VERSION = 5.0;
				TARGETED_DEVICE_FAMILY = "1,2";
				TEST_TARGET_NAME = iKid;
			};
			name = Debug;
		};
		BB996D792BDEDA050011E4D3 /* Release */ = {
			isa = XCBuildConfiguration;
			buildSettings = {
				ALWAYS_EMBED_SWIFT_STANDARD_LIBRARIES = YES;
				CODE_SIGN_STYLE = Automatic;
				CURRENT_PROJECT_VERSION = 1;
				DEVELOPMENT_TEAM = 9D5YJEN724;
				GENERATE_INFOPLIST_FILE = YES;
				MARKETING_VERSION = 1.0;
				PRODUCT_BUNDLE_IDENTIFIER = edu.uw.ischool.akhowal.iKidUITests;
				PRODUCT_NAME = "$(TARGET_NAME)";
				SWIFT_EMIT_LOC_STRINGS = NO;
				SWIFT_VERSION = 5.0;
				TARGETED_DEVICE_FAMILY = "1,2";
				TEST_TARGET_NAME = iKid;
			};
			name = Release;
		};
/* End XCBuildConfiguration section */

/* Begin XCConfigurationList section */
		BB996D482BDEDA030011E4D3 /* Build configuration list for PBXProject "iKid" */ = {
			isa = XCConfigurationList;
			buildConfigurations = (
				BB996D6F2BDEDA050011E4D3 /* Debug */,
				BB996D702BDEDA050011E4D3 /* Release */,
			);
			defaultConfigurationIsVisible = 0;
			defaultConfigurationName = Release;
		};
		BB996D712BDEDA050011E4D3 /* Build configuration list for PBXNativeTarget "iKid" */ = {
			isa = XCConfigurationList;
			buildConfigurations = (
				BB996D722BDEDA050011E4D3 /* Debug */,
				BB996D732BDEDA050011E4D3 /* Release */,
			);
			defaultConfigurationIsVisible = 0;
			defaultConfigurationName = Release;
		};
		BB996D742BDEDA050011E4D3 /* Build configuration list for PBXNativeTarget "iKidTests" */ = {
			isa = XCConfigurationList;
			buildConfigurations = (
				BB996D752BDEDA050011E4D3 /* Debug */,
				BB996D762BDEDA050011E4D3 /* Release */,
			);
			defaultConfigurationIsVisible = 0;
			defaultConfigurationName = Release;
		};
		BB996D772BDEDA050011E4D3 /* Build configuration list for PBXNativeTarget "iKidUITests" */ = {
			isa = XCConfigurationList;
			buildConfigurations = (
				BB996D782BDEDA050011E4D3 /* Debug */,
				BB996D792BDEDA050011E4D3 /* Release */,
			);
			defaultConfigurationIsVisible = 0;
			defaultConfigurationName = Release;
		};
/* End XCConfigurationList section */
	};
	rootObject = BB996D452BDEDA030011E4D3 /* Project object */;
}
